
Microsoft Visual Studio Solution File, Format Version 12.00
# Visual Studio Version 17
VisualStudioVersion = 17.1.32210.238
MinimumVisualStudioVersion = 10.0.40219.1
Project("{FAE04EC0-301F-11D3-BF4B-00C04F79EFBC}") = "P24-TP1-649-2210001", "P24-TP1-649-2210001.csproj", "{5E56A16D-623B-4BD0-B2EC-53C3A8396C3A}"
EndProject
Global
	GlobalSection(SolutionConfigurationPlatforms) = preSolution
		Debug|Any CPU = Debug|Any CPU
		Release|Any CPU = Release|Any CPU
	EndGlobalSection
	GlobalSection(ProjectConfigurationPlatforms) = postSolution
		{5E56A16D-623B-4BD0-B2EC-53C3A8396C3A}.Debug|Any CPU.ActiveCfg = Debug|Any CPU
		{5E56A16D-623B-4BD0-B2EC-53C3A8396C3A}.Debug|Any CPU.Build.0 = Debug|Any CPU
		{5E56A16D-623B-4BD0-B2EC-53C3A8396C3A}.Release|Any CPU.ActiveCfg = Release|Any CPU
		{5E56A16D-623B-4BD0-B2EC-53C3A8396C3A}.Release|Any CPU.Build.0 = Release|Any CPU
	EndGlobalSection
	GlobalSection(SolutionProperties) = preSolution
		HideSolutionNode = FALSE
	EndGlobalSection
	GlobalSection(ExtensibilityGlobals) = postSolution
		SolutionGuid = {02949E4E-E952-4034-BDD7-7E74138BD17E}
	EndGlobalSection
EndGlobal
